{
  "pins" : [
    {
      "identity" : "cryptoswift",
      "kind" : "remoteSourceControl",
      "location" : "https://github.com/krzyzanowskim/CryptoSwift.git",
      "state" : {
        "revision" : "95c18f1c1bc44d5547728621ed680850368f7a45",
        "version" : "1.7.0"
      }
    },
    {
      "identity" : "flex",
      "kind" : "remoteSourceControl",
      "location" : "https://github.com/FLEXTool/FLEX.git",
      "state" : {
        "revision" : "e0acf59d06d498041f65bbea1e5914b6e4b39733",
        "version" : "5.22.10"
      }
    }
  ],
  "version" : 2
}
